// !$*UTF8*$!
{
	archiveVersion = 1;
	classes = {
	};
	objectVersion = 46;
	objects = {

/* Begin PBXBuildFile section */
		9EF1AD721D874011007C9098 /* AppDelegate.swift in Sources */ = {isa = PBXBuildFile; fileRef = 9EF1AD711D874011007C9098 /* AppDelegate.swift */; };
		9EF1AD741D874011007C9098 /* ViewController.swift in Sources */ = {isa = PBXBuildFile; fileRef = 9EF1AD731D874011007C9098 /* ViewController.swift */; };
		9EF1AD771D874011007C9098 /* Main.storyboard in Resources */ = {isa = PBXBuildFile; fileRef = 9EF1AD751D874011007C9098 /* Main.storyboard */; };
		9EF1AD791D874011007C9098 /* Assets.xcassets in Resources */ = {isa = PBXBuildFile; fileRef = 9EF1AD781D874011007C9098 /* Assets.xcassets */; };
		9EF1AD7C1D874011007C9098 /* LaunchScreen.storyboard in Resources */ = {isa = PBXBuildFile; fileRef = 9EF1AD7A1D874011007C9098 /* LaunchScreen.storyboard */; };
		9EF1AD871D874011007C9098 /* How_Many_FingersTests.swift in Sources */ = {isa = PBXBuildFile; fileRef = 9EF1AD861D874011007C9098 /* How_Many_FingersTests.swift */; };
		9EF1AD921D874011007C9098 /* How_Many_FingersUITests.swift in Sources */ = {isa = PBXBuildFile; fileRef = 9EF1AD911D874011007C9098 /* How_Many_FingersUITests.swift */; };
/* End PBXBuildFile section */

/* Begin PBXContainerItemProxy section */
		9EF1AD831D874011007C9098 /* PBXContainerItemProxy */ = {
			isa = PBXContainerItemProxy;
			containerPortal = 9EF1AD661D874011007C9098 /* Project object */;
			proxyType = 1;
			remoteGlobalIDString = 9EF1AD6D1D874011007C9098;
			remoteInfo = "How Many Fingers";
		};
		9EF1AD8E1D874011007C9098 /* PBXContainerItemProxy */ = {
			isa = PBXContainerItemProxy;
			containerPortal = 9EF1AD661D874011007C9098 /* Project object */;
			proxyType = 1;
			remoteGlobalIDString = 9EF1AD6D1D874011007C9098;
			remoteInfo = "How Many Fingers";
		};
/* End PBXContainerItemProxy section */

/* Begin PBXFileReference section */
		9EF1AD6E1D874011007C9098 /* How Many Fingers.app */ = {isa = PBXFileReference; explicitFileType = wrapper.application; includeInIndex = 0; path = "How Many Fingers.app"; sourceTree = BUILT_PRODUCTS_DIR; };
		9EF1AD711D874011007C9098 /* AppDelegate.swift */ = {isa = PBXFileReference; lastKnownFileType = sourcecode.swift; path = AppDelegate.swift; sourceTree = "<group>"; };
		9EF1AD731D874011007C9098 /* ViewController.swift */ = {isa = PBXFileReference; lastKnownFileType = sourcecode.swift; path = ViewController.swift; sourceTree = "<group>"; };
		9EF1AD761D874011007C9098 /* Base */ = {isa = PBXFileReference; lastKnownFileType = file.storyboard; name = Base; path = Base.lproj/Main.storyboard; sourceTree = "<group>"; };
		9EF1AD781D874011007C9098 /* Assets.xcassets */ = {isa = PBXFileReference; lastKnownFileType = folder.assetcatalog; path = Assets.xcassets; sourceTree = "<group>"; };
		9EF1AD7B1D874011007C9098 /* Base */ = {isa = PBXFileReference; lastKnownFileType = file.storyboard; name = Base; path = Base.lproj/LaunchScreen.storyboard; sourceTree = "<group>"; };
		9EF1AD7D1D874011007C9098 /* Info.plist */ = {isa = PBXFileReference; lastKnownFileType = text.plist.xml; path = Info.plist; sourceTree = "<group>"; };
		9EF1AD821D874011007C9098 /* How Many FingersTests.xctest */ = {isa = PBXFileReference; explicitFileType = wrapper.cfbundle; includeInIndex = 0; path = "How Many FingersTests.xctest"; sourceTree = BUILT_PRODUCTS_DIR; };
		9EF1AD861D874011007C9098 /* How_Many_FingersTests.swift */ = {isa = PBXFileReference; lastKnownFileType = sourcecode.swift; path = How_Many_FingersTests.swift; sourceTree = "<group>"; };
		9EF1AD881D874011007C9098 /* Info.plist */ = {isa = PBXFileReference; lastKnownFileType = text.plist.xml; path = Info.plist; sourceTree = "<group>"; };
		9EF1AD8D1D874011007C9098 /* How Many FingersUITests.xctest */ = {isa = PBXFileReference; explicitFileType = wrapper.cfbundle; includeInIndex = 0; path = "How Many FingersUITests.xctest"; sourceTree = BUILT_PRODUCTS_DIR; };
		9EF1AD911D874011007C9098 /* How_Many_FingersUITests.swift */ = {isa = PBXFileReference; lastKnownFileType = sourcecode.swift; path = How_Many_FingersUITests.swift; sourceTree = "<group>"; };
		9EF1AD931D874011007C9098 /* Info.plist */ = {isa = PBXFileReference; lastKnownFileType = text.plist.xml; path = Info.plist; sourceTree = "<group>"; };
/* End PBXFileReference section */

/* Begin PBXFrameworksBuildPhase section */
		9EF1AD6B1D874011007C9098 /* Frameworks */ = {
			isa = PBXFrameworksBuildPhase;
			buildActionMask = 2147483647;
			files = (
			);
			runOnlyForDeploymentPostprocessing = 0;
		};
		9EF1AD7F1D874011007C9098 /* Frameworks */ = {
			isa = PBXFrameworksBuildPhase;
			buildActionMask = 2147483647;
			files = (
			);
			runOnlyForDeploymentPostprocessing = 0;
		};
		9EF1AD8A1D874011007C9098 /* Frameworks */ = {
			isa = PBXFrameworksBuildPhase;
			buildActionMask = 2147483647;
			files = (
			);
			runOnlyForDeploymentPostprocessing = 0;
		};
/* End PBXFrameworksBuildPhase section */

/* Begin PBXGroup section */
		9EF1AD651D874011007C9098 = {
			isa = PBXGroup;
			children = (
				9EF1AD701D874011007C9098 /* How Many Fingers */,
				9EF1AD851D874011007C9098 /* How Many FingersTests */,
				9EF1AD901D874011007C9098 /* How Many FingersUITests */,
				9EF1AD6F1D874011007C9098 /* Products */,
			);
			sourceTree = "<group>";
		};
		9EF1AD6F1D874011007C9098 /* Products */ = {
			isa = PBXGroup;
			children = (
				9EF1AD6E1D874011007C9098 /* How Many Fingers.app */,
				9EF1AD821D874011007C9098 /* How Many FingersTests.xctest */,
				9EF1AD8D1D874011007C9098 /* How Many FingersUITests.xctest */,
			);
			name = Products;
			sourceTree = "<group>";
		};
		9EF1AD701D874011007C9098 /* How Many Fingers */ = {
			isa = PBXGroup;
			children = (
				9EF1AD711D874011007C9098 /* AppDelegate.swift */,
				9EF1AD731D874011007C9098 /* ViewController.swift */,
				9EF1AD751D874011007C9098 /* Main.storyboard */,
				9EF1AD781D874011007C9098 /* Assets.xcassets */,
				9EF1AD7A1D874011007C9098 /* LaunchScreen.storyboard */,
				9EF1AD7D1D874011007C9098 /* Info.plist */,
			);
			path = "How Many Fingers";
			sourceTree = "<group>";
		};
		9EF1AD851D874011007C9098 /* How Many FingersTests */ = {
			isa = PBXGroup;
			children = (
				9EF1AD861D874011007C9098 /* How_Many_FingersTests.swift */,
				9EF1AD881D874011007C9098 /* Info.plist */,
			);
			path = "How Many FingersTests";
			sourceTree = "<group>";
		};
		9EF1AD901D874011007C9098 /* How Many FingersUITests */ = {
			isa = PBXGroup;
			children = (
				9EF1AD911D874011007C9098 /* How_Many_FingersUITests.swift */,
				9EF1AD931D874011007C9098 /* Info.plist */,
			);
			path = "How Many FingersUITests";
			sourceTree = "<group>";
		};
/* End PBXGroup section */

/* Begin PBXNativeTarget section */
		9EF1AD6D1D874011007C9098 /* How Many Fingers */ = {
			isa = PBXNativeTarget;
			buildConfigurationList = 9EF1AD961D874011007C9098 /* Build configuration list for PBXNativeTarget "How Many Fingers" */;
			buildPhases = (
				9EF1AD6A1D874011007C9098 /* Sources */,
				9EF1AD6B1D874011007C9098 /* Frameworks */,
				9EF1AD6C1D874011007C9098 /* Resources */,
			);
			buildRules = (
			);
			dependencies = (
			);
			name = "How Many Fingers";
			productName = "How Many Fingers";
			productReference = 9EF1AD6E1D874011007C9098 /* How Many Fingers.app */;
			productType = "com.apple.product-type.application";
		};
		9EF1AD811D874011007C9098 /* How Many FingersTests */ = {
			isa = PBXNativeTarget;
			buildConfigurationList = 9EF1AD991D874011007C9098 /* Build configuration list for PBXNativeTarget "How Many FingersTests" */;
			buildPhases = (
				9EF1AD7E1D874011007C9098 /* Sources */,
				9EF1AD7F1D874011007C9098 /* Frameworks */,
				9EF1AD801D874011007C9098 /* Resources */,
			);
			buildRules = (
			);
			dependencies = (
				9EF1AD841D874011007C9098 /* PBXTargetDependency */,
			);
			name = "How Many FingersTests";
			productName = "How Many FingersTests";
			productReference = 9EF1AD821D874011007C9098 /* How Many FingersTests.xctest */;
			productType = "com.apple.product-type.bundle.unit-test";
		};
		9EF1AD8C1D874011007C9098 /* How Many FingersUITests */ = {
			isa = PBXNativeTarget;
			buildConfigurationList = 9EF1AD9C1D874011007C9098 /* Build configuration list for PBXNativeTarget "How Many FingersUITests" */;
			buildPhases = (
				9EF1AD891D874011007C9098 /* Sources */,
				9EF1AD8A1D874011007C9098 /* Frameworks */,
				9EF1AD8B1D874011007C9098 /* Resources */,
			);
			buildRules = (
			);
			dependencies = (
				9EF1AD8F1D874011007C9098 /* PBXTargetDependency */,
			);
			name = "How Many FingersUITests";
			productName = "How Many FingersUITests";
			productReference = 9EF1AD8D1D874011007C9098 /* How Many FingersUITests.xctest */;
			productType = "com.apple.product-type.bundle.ui-testing";
		};
/* End PBXNativeTarget section */

/* Begin PBXProject section */
		9EF1AD661D874011007C9098 /* Project object */ = {
			isa = PBXProject;
			attributes = {
				LastSwiftUpdateCheck = 0800;
				LastUpgradeCheck = 0800;
				ORGANIZATIONNAME = "Maalik Hornbuckle";
				TargetAttributes = {
					9EF1AD6D1D874011007C9098 = {
						CreatedOnToolsVersion = 8.0;
						ProvisioningStyle = Automatic;
					};
					9EF1AD811D874011007C9098 = {
						CreatedOnToolsVersion = 8.0;
						ProvisioningStyle = Automatic;
						TestTargetID = 9EF1AD6D1D874011007C9098;
					};
					9EF1AD8C1D874011007C9098 = {
						CreatedOnToolsVersion = 8.0;
						ProvisioningStyle = Automatic;
						TestTargetID = 9EF1AD6D1D874011007C9098;
					};
				};
			};
			buildConfigurationList = 9EF1AD691D874011007C9098 /* Build configuration list for PBXProject "How Many Fingers" */;
			compatibilityVersion = "Xcode 3.2";
			developmentRegion = English;
			hasScannedForEncodings = 0;
			knownRegions = (
				en,
				Base,
			);
			mainGroup = 9EF1AD651D874011007C9098;
			productRefGroup = 9EF1AD6F1D874011007C9098 /* Products */;
			projectDirPath = "";
			projectRoot = "";
			targets = (
				9EF1AD6D1D874011007C9098 /* How Many Fingers */,
				9EF1AD811D874011007C9098 /* How Many FingersTests */,
				9EF1AD8C1D874011007C9098 /* How Many FingersUITests */,
			);
		};
/* End PBXProject section */

/* Begin PBXResourcesBuildPhase section */
		9EF1AD6C1D874011007C9098 /* Resources */ = {
			isa = PBXResourcesBuildPhase;
			buildActionMask = 2147483647;
			files = (
				9EF1AD7C1D874011007C9098 /* LaunchScreen.storyboard in Resources */,
				9EF1AD791D874011007C9098 /* Assets.xcassets in Resources */,
				9EF1AD771D874011007C9098 /* Main.storyboard in Resources */,
			);
			runOnlyForDeploymentPostprocessing = 0;
		};
		9EF1AD801D874011007C9098 /* Resources */ = {
			isa = PBXResourcesBuildPhase;
			buildActionMask = 2147483647;
			files = (
			);
			runOnlyForDeploymentPostprocessing = 0;
		};
		9EF1AD8B1D874011007C9098 /* Resources */ = {
			isa = PBXResourcesBuildPhase;
			buildActionMask = 2147483647;
			files = (
			);
			runOnlyForDeploymentPostprocessing = 0;
		};
/* End PBXResourcesBuildPhase section */

/* Begin PBXSourcesBuildPhase section */
		9EF1AD6A1D874011007C9098 /* Sources */ = {
			isa = PBXSourcesBuildPhase;
			buildActionMask = 2147483647;
			files = (
				9EF1AD741D874011007C9098 /* ViewController.swift in Sources */,
				9EF1AD721D874011007C9098 /* AppDelegate.swift in Sources */,
			);
			runOnlyForDeploymentPostprocessing = 0;
		};
		9EF1AD7E1D874011007C9098 /* Sources */ = {
			isa = PBXSourcesBuildPhase;
			buildActionMask = 2147483647;
			files = (
				9EF1AD871D874011007C9098 /* How_Many_FingersTests.swift in Sources */,
			);
			runOnlyForDeploymentPostprocessing = 0;
		};
		9EF1AD891D874011007C9098 /* Sources */ = {
			isa = PBXSourcesBuildPhase;
			buildActionMask = 2147483647;
			files = (
				9EF1AD921D874011007C9098 /* How_Many_FingersUITests.swift in Sources */,
			);
			runOnlyForDeploymentPostprocessing = 0;
		};
/* End PBXSourcesBuildPhase section */

/* Begin PBXTargetDependency section */
		9EF1AD841D874011007C9098 /* PBXTargetDependency */ = {
			isa = PBXTargetDependency;
			target = 9EF1AD6D1D874011007C9098 /* How Many Fingers */;
			targetProxy = 9EF1AD831D874011007C9098 /* PBXContainerItemProxy */;
		};
		9EF1AD8F1D874011007C9098 /* PBXTargetDependency */ = {
			isa = PBXTargetDependency;
			target = 9EF1AD6D1D874011007C9098 /* How Many Fingers */;
			targetProxy = 9EF1AD8E1D874011007C9098 /* PBXContainerItemProxy */;
		};
/* End PBXTargetDependency section */

/* Begin PBXVariantGroup section */
		9EF1AD751D874011007C9098 /* Main.storyboard */ = {
			isa = PBXVariantGroup;
			children = (
				9EF1AD761D874011007C9098 /* Base */,
			);
			name = Main.storyboard;
			sourceTree = "<group>";
		};
		9EF1AD7A1D874011007C9098 /* LaunchScreen.storyboard */ = {
			isa = PBXVariantGroup;
			children = (
				9EF1AD7B1D874011007C9098 /* Base */,
			);
			name = LaunchScreen.storyboard;
			sourceTree = "<group>";
		};
/* End PBXVariantGroup section */

/* Begin XCBuildConfiguration section */
		9EF1AD941D874011007C9098 /* Debug */ = {
			isa = XCBuildConfiguration;
			buildSettings = {
				ALWAYS_SEARCH_USER_PATHS = NO;
				CLANG_ANALYZER_NONNULL = YES;
				CLANG_CXX_LANGUAGE_STANDARD = "gnu++0x";
				CLANG_CXX_LIBRARY = "libc++";
				CLANG_ENABLE_MODULES = YES;
				CLANG_ENABLE_OBJC_ARC = YES;
				CLANG_WARN_BOOL_CONVERSION = YES;
				CLANG_WARN_CONSTANT_CONVERSION = YES;
				CLANG_WARN_DIRECT_OBJC_ISA_USAGE = YES_ERROR;
				CLANG_WARN_DOCUMENTATION_COMMENTS = YES;
				CLANG_WARN_EMPTY_BODY = YES;
				CLANG_WARN_ENUM_CONVERSION = YES;
				CLANG_WARN_INFINITE_RECURSION = YES;
				CLANG_WARN_INT_CONVERSION = YES;
				CLANG_WARN_OBJC_ROOT_CLASS = YES_ERROR;
				CLANG_WARN_SUSPICIOUS_MOVES = YES;
				CLANG_WARN_UNREACHABLE_CODE = YES;
				CLANG_WARN__DUPLICATE_METHOD_MATCH = YES;
				"CODE_SIGN_IDENTITY[sdk=iphoneos*]" = "iPhone Developer";
				COPY_PHASE_STRIP = NO;
				DEBUG_INFORMATION_FORMAT = dwarf;
				ENABLE_STRICT_OBJC_MSGSEND = YES;
				ENABLE_TESTABILITY = YES;
				GCC_C_LANGUAGE_STANDARD = gnu99;
				GCC_DYNAMIC_NO_PIC = NO;
				GCC_NO_COMMON_BLOCKS = YES;
				GCC_OPTIMIZATION_LEVEL = 0;
				GCC_PREPROCESSOR_DEFINITIONS = (
					"DEBUG=1",
					"$(inherited)",
				);
				GCC_WARN_64_TO_32_BIT_CONVERSION = YES;
				GCC_WARN_ABOUT_RETURN_TYPE = YES_ERROR;
				GCC_WARN_UNDECLARED_SELECTOR = YES;
				GCC_WARN_UNINITIALIZED_AUTOS = YES_AGGRESSIVE;
				GCC_WARN_UNUSED_FUNCTION = YES;
				GCC_WARN_UNUSED_VARIABLE = YES;
				IPHONEOS_DEPLOYMENT_TARGET = 10.0;
				MTL_ENABLE_DEBUG_INFO = YES;
				ONLY_ACTIVE_ARCH = YES;
				SDKROOT = iphoneos;
				SWIFT_ACTIVE_COMPILATION_CONDITIONS = DEBUG;
				SWIFT_OPTIMIZATION_LEVEL = "-Onone";
				TARGETED_DEVICE_FAMILY = "1,2";
			};
			name = Debug;
		};
		9EF1AD951D874011007C9098 /* Release */ = {
			isa = XCBuildConfiguration;
			buildSettings = {
				ALWAYS_SEARCH_USER_PATHS = NO;
				CLANG_ANALYZER_NONNULL = YES;
				CLANG_CXX_LANGUAGE_STANDARD = "gnu++0x";
				CLANG_CXX_LIBRARY = "libc++";
				CLANG_ENABLE_MODULES = YES;
				CLANG_ENABLE_OBJC_ARC = YES;
				CLANG_WARN_BOOL_CONVERSION = YES;
				CLANG_WARN_CONSTANT_CONVERSION = YES;
				CLANG_WARN_DIRECT_OBJC_ISA_USAGE = YES_ERROR;
				CLANG_WARN_DOCUMENTATION_COMMENTS = YES;
				CLANG_WARN_EMPTY_BODY = YES;
				CLANG_WARN_ENUM_CONVERSION = YES;
				CLANG_WARN_INFINITE_RECURSION = YES;
				CLANG_WARN_INT_CONVERSION = YES;
				CLANG_WARN_OBJC_ROOT_CLASS = YES_ERROR;
				CLANG_WARN_SUSPICIOUS_MOVES = YES;
				CLANG_WARN_UNREACHABLE_CODE = YES;
				CLANG_WARN__DUPLICATE_METHOD_MATCH = YES;
				"CODE_SIGN_IDENTITY[sdk=iphoneos*]" = "iPhone Developer";
				COPY_PHASE_STRIP = NO;
				DEBUG_INFORMATION_FORMAT = "dwarf-with-dsym";
				ENABLE_NS_ASSERTIONS = NO;
				ENABLE_STRICT_OBJC_MSGSEND = YES;
				GCC_C_LANGUAGE_STANDARD = gnu99;
				GCC_NO_COMMON_BLOCKS = YES;
				GCC_WARN_64_TO_32_BIT_CONVERSION = YES;
				GCC_WARN_ABOUT_RETURN_TYPE = YES_ERROR;
				GCC_WARN_UNDECLARED_SELECTOR = YES;
				GCC_WARN_UNINITIALIZED_AUTOS = YES_AGGRESSIVE;
				GCC_WARN_UNUSED_FUNCTION = YES;
				GCC_WARN_UNUSED_VARIABLE = YES;
				IPHONEOS_DEPLOYMENT_TARGET = 10.0;
				MTL_ENABLE_DEBUG_INFO = NO;
				SDKROOT = iphoneos;
				SWIFT_OPTIMIZATION_LEVEL = "-Owholemodule";
				TARGETED_DEVICE_FAMILY = "1,2";
				VALIDATE_PRODUCT = YES;
			};
			name = Release;
		};
		9EF1AD971D874011007C9098 /* Debug */ = {
			isa = XCBuildConfiguration;
			buildSettings = {
				ASSETCATALOG_COMPILER_APPICON_NAME = AppIcon;
				INFOPLIST_FILE = "How Many Fingers/Info.plist";
				LD_RUNPATH_SEARCH_PATHS = "$(inherited) @executable_path/Frameworks";
				PRODUCT_BUNDLE_IDENTIFIER = "Maalik-Hornbuckle.How-Many-Fingers";
				PRODUCT_NAME = "$(TARGET_NAME)";
				SWIFT_VERSION = 3.0;
			};
			name = Debug;
		};
		9EF1AD981D874011007C9098 /* Release */ = {
			isa = XCBuildConfiguration;
			buildSettings = {
				ASSETCATALOG_COMPILER_APPICON_NAME = AppIcon;
				INFOPLIST_FILE = "How Many Fingers/Info.plist";
				LD_RUNPATH_SEARCH_PATHS = "$(inherited) @executable_path/Frameworks";
				PRODUCT_BUNDLE_IDENTIFIER = "Maalik-Hornbuckle.How-Many-Fingers";
				PRODUCT_NAME = "$(TARGET_NAME)";
				SWIFT_VERSION = 3.0;
			};
			name = Release;
		};
		9EF1AD9A1D874011007C9098 /* Debug */ = {
			isa = XCBuildConfiguration;
			buildSettings = {
				ALWAYS_EMBED_SWIFT_STANDARD_LIBRARIES = YES;
				BUNDLE_LOADER = "$(TEST_HOST)";
				INFOPLIST_FILE = "How Many FingersTests/Info.plist";
				LD_RUNPATH_SEARCH_PATHS = "$(inherited) @executable_path/Frameworks @loader_path/Frameworks";
				PRODUCT_BUNDLE_IDENTIFIER = "Maalik-Hornbuckle.How-Many-FingersTests";
				PRODUCT_NAME = "$(TARGET_NAME)";
				SWIFT_VERSION = 3.0;
				TEST_HOST = "$(BUILT_PRODUCTS_DIR)/How Many Fingers.app/How Many Fingers";
			};
			name = Debug;
		};
		9EF1AD9B1D874011007C9098 /* Release */ = {
			isa = XCBuildConfiguration;
			buildSettings = {
				ALWAYS_EMBED_SWIFT_STANDARD_LIBRARIES = YES;
				BUNDLE_LOADER = "$(TEST_HOST)";
				INFOPLIST_FILE = "How Many FingersTests/Info.plist";
				LD_RUNPATH_SEARCH_PATHS = "$(inherited) @executable_path/Frameworks @loader_path/Frameworks";
				PRODUCT_BUNDLE_IDENTIFIER = "Maalik-Hornbuckle.How-Many-FingersTests";
				PRODUCT_NAME = "$(TARGET_NAME)";
				SWIFT_VERSION = 3.0;
				TEST_HOST = "$(BUILT_PRODUCTS_DIR)/How Many Fingers.app/How Many Fingers";
			};
			name = Release;
		};
		9EF1AD9D1D874011007C9098 /* Debug */ = {
			isa = XCBuildConfiguration;
			buildSettings = {
				ALWAYS_EMBED_SWIFT_STANDARD_LIBRARIES = YES;
				INFOPLIST_FILE = "How Many FingersUITests/Info.plist";
				LD_RUNPATH_SEARCH_PATHS = "$(inherited) @executable_path/Frameworks @loader_path/Frameworks";
				PRODUCT_BUNDLE_IDENTIFIER = "Maalik-Hornbuckle.How-Many-FingersUITests";
				PRODUCT_NAME = "$(TARGET_NAME)";
				SWIFT_VERSION = 3.0;
				TEST_TARGET_NAME = "How Many Fingers";
			};
			name = Debug;
		};
		9EF1AD9E1D874011007C9098 /* Release */ = {
			isa = XCBuildConfiguration;
			buildSettings = {
				ALWAYS_EMBED_SWIFT_STANDARD_LIBRARIES = YES;
				INFOPLIST_FILE = "How Many FingersUITests/Info.plist";
				LD_RUNPATH_SEARCH_PATHS = "$(inherited) @executable_path/Frameworks @loader_path/Frameworks";
				PRODUCT_BUNDLE_IDENTIFIER = "Maalik-Hornbuckle.How-Many-FingersUITests";
				PRODUCT_NAME = "$(TARGET_NAME)";
				SWIFT_VERSION = 3.0;
				TEST_TARGET_NAME = "How Many Fingers";
			};
			name = Release;
		};
/* End XCBuildConfiguration section */

/* Begin XCConfigurationList section */
		9EF1AD691D874011007C9098 /* Build configuration list for PBXProject "How Many Fingers" */ = {
			isa = XCConfigurationList;
			buildConfigurations = (
				9EF1AD941D874011007C9098 /* Debug */,
				9EF1AD951D874011007C9098 /* Release */,
			);
			defaultConfigurationIsVisible = 0;
			defaultConfigurationName = Release;
		};
		9EF1AD961D874011007C9098 /* Build configuration list for PBXNativeTarget "How Many Fingers" */ = {
			isa = XCConfigurationList;
			buildConfigurations = (
				9EF1AD971D874011007C9098 /* Debug */,
				9EF1AD981D874011007C9098 /* Release */,
			);
			defaultConfigurationIsVisible = 0;
		};
		9EF1AD991D874011007C9098 /* Build configuration list for PBXNativeTarget "How Many FingersTests" */ = {
			isa = XCConfigurationList;
			buildConfigurations = (
				9EF1AD9A1D874011007C9098 /* Debug */,
				9EF1AD9B1D874011007C9098 /* Release */,
			);
			defaultConfigurationIsVisible = 0;
		};
		9EF1AD9C1D874011007C9098 /* Build configuration list for PBXNativeTarget "How Many FingersUITests" */ = {
			isa = XCConfigurationList;
			buildConfigurations = (
				9EF1AD9D1D874011007C9098 /* Debug */,
				9EF1AD9E1D874011007C9098 /* Release */,
			);
			defaultConfigurationIsVisible = 0;
		};
/* End XCConfigurationList section */
	};
	rootObject = 9EF1AD661D874011007C9098 /* Project object */;
}
